{
  "name": "az-vue-components",
  "version": "1.0.2",
  "lockfileVersion": 2,
  "requires": true,
  "packages": {
    "": {
      "name": "az-vue-components",
      "version": "1.0.2",
      "license": "ISC",
      "dependencies": {
        "@didor/styles": "^0.2.0"
      }
    },
    "node_modules/@didor/styles": {
      "version": "0.2.0",
      "resolved": "https://registry.npmjs.org/@didor/styles/-/styles-0.2.0.tgz",
      "integrity": "sha512-Wjp0ZfbwWb9rJCo2a1zL48XeFMwEk5F4stO085bLpn2HLv03PT+1zIQspyh3nYKy6SDhSXliA9t1jfIR5nrjfQ=="
    }
  },
  "dependencies": {
    "@didor/styles": {
      "version": "0.2.0",
      "resolved": "https://registry.npmjs.org/@didor/styles/-/styles-0.2.0.tgz",
      "integrity": "sha512-Wjp0ZfbwWb9rJCo2a1zL48XeFMwEk5F4stO085bLpn2HLv03PT+1zIQspyh3nYKy6SDhSXliA9t1jfIR5nrjfQ=="
    }
  }
}
